
Microsoft Visual Studio Solution File, Format Version 12.00
# Visual Studio Version 17
VisualStudioVersion = 17.3.32929.385
MinimumVisualStudioVersion = 10.0.40219.1
Project("{9A19103F-16F7-4668-BE54-9A1E7A4F7556}") = "NutriV2", "NutriV2\NutriV2.csproj", "{29553C4D-BB45-43EE-9199-0B00566B0EC3}"
EndProject
Project("{9A19103F-16F7-4668-BE54-9A1E7A4F7556}") = "NutriVV2.Web", "NutriVV2.Web\NutriVV2.Web.csproj", "{EDC41679-D51C-4E17-AAE3-0D0F660CEF02}"
EndProject
Global
	GlobalSection(SolutionConfigurationPlatforms) = preSolution
		Debug|Any CPU = Debug|Any CPU
		Release|Any CPU = Release|Any CPU
	EndGlobalSection
	GlobalSection(ProjectConfigurationPlatforms) = postSolution
		{29553C4D-BB45-43EE-9199-0B00566B0EC3}.Debug|Any CPU.ActiveCfg = Debug|Any CPU
		{29553C4D-BB45-43EE-9199-0B00566B0EC3}.Debug|Any CPU.Build.0 = Debug|Any CPU
		{29553C4D-BB45-43EE-9199-0B00566B0EC3}.Release|Any CPU.ActiveCfg = Release|Any CPU
		{29553C4D-BB45-43EE-9199-0B00566B0EC3}.Release|Any CPU.Build.0 = Release|Any CPU
		{EDC41679-D51C-4E17-AAE3-0D0F660CEF02}.Debug|Any CPU.ActiveCfg = Debug|Any CPU
		{EDC41679-D51C-4E17-AAE3-0D0F660CEF02}.Debug|Any CPU.Build.0 = Debug|Any CPU
		{EDC41679-D51C-4E17-AAE3-0D0F660CEF02}.Release|Any CPU.ActiveCfg = Release|Any CPU
		{EDC41679-D51C-4E17-AAE3-0D0F660CEF02}.Release|Any CPU.Build.0 = Release|Any CPU
	EndGlobalSection
	GlobalSection(SolutionProperties) = preSolution
		HideSolutionNode = FALSE
	EndGlobalSection
	GlobalSection(ExtensibilityGlobals) = postSolution
		SolutionGuid = {37D5995C-3F15-4A86-B164-311628005E52}
	EndGlobalSection
EndGlobal
